
Microsoft Visual Studio Solution File, Format Version 12.00
# Visual Studio Version 17
VisualStudioVersion = 17.1.32210.238
MinimumVisualStudioVersion = 10.0.40219.1
Project("{FAE04EC0-301F-11D3-BF4B-00C04F79EFBC}") = "ToDoList", "ToDoList\ToDoList.csproj", "{D3F6F339-270D-4E46-8BBC-9E0017D06354}"
EndProject
Global
	GlobalSection(SolutionConfigurationPlatforms) = preSolution
		Debug|Any CPU = Debug|Any CPU
		Release|Any CPU = Release|Any CPU
	EndGlobalSection
	GlobalSection(ProjectConfigurationPlatforms) = postSolution
		{D3F6F339-270D-4E46-8BBC-9E0017D06354}.Debug|Any CPU.ActiveCfg = Debug|Any CPU
		{D3F6F339-270D-4E46-8BBC-9E0017D06354}.Debug|Any CPU.Build.0 = Debug|Any CPU
		{D3F6F339-270D-4E46-8BBC-9E0017D06354}.Release|Any CPU.ActiveCfg = Release|Any CPU
		{D3F6F339-270D-4E46-8BBC-9E0017D06354}.Release|Any CPU.Build.0 = Release|Any CPU
	EndGlobalSection
	GlobalSection(SolutionProperties) = preSolution
		HideSolutionNode = FALSE
	EndGlobalSection
	GlobalSection(ExtensibilityGlobals) = postSolution
		SolutionGuid = {B212634E-5281-4BC3-9F9B-7880901FE91F}
	EndGlobalSection
EndGlobal
